
Microsoft Visual Studio Solution File, Format Version 12.00
# Visual Studio 15
VisualStudioVersion = 15.0.27130.2010
MinimumVisualStudioVersion = 10.0.40219.1
Project("{FAE04EC0-301F-11D3-BF4B-00C04F79EFBC}") = "Teleta.Bari.XF.Android", "Teleta.Bari.XF\Teleta.Bari.XF.Android\Teleta.Bari.XF.Android.csproj", "{4F48705D-380D-47DB-AD70-86D10B2AD55D}"
EndProject
Project("{FAE04EC0-301F-11D3-BF4B-00C04F79EFBC}") = "Teleta.Bari.XF.iOS", "Teleta.Bari.XF\Teleta.Bari.XF.iOS\Teleta.Bari.XF.iOS.csproj", "{2D9283FB-C452-4C80-84AF-23864E065F95}"
EndProject
Project("{FAE04EC0-301F-11D3-BF4B-00C04F79EFBC}") = "Teleta.Bari.XF.UWP", "Teleta.Bari.XF\Teleta.Bari.XF.UWP\Teleta.Bari.XF.UWP.csproj", "{08A4A9AE-1FFD-41CC-8796-FEB8C4B63A9B}"
EndProject
Project("{D954291E-2A0B-460D-934E-DC6B0785DB48}") = "Teleta.Bari.XF", "Teleta.Bari.XF\Teleta.Bari.XF\Teleta.Bari.XF.shproj", "{9F040A6F-5360-47C3-994C-F0BA7BA9EAB1}"
EndProject
Project("{2150E333-8FDC-42A3-9474-1A3956D46DE8}") = "UI", "UI", "{9B6F3F6D-007D-401C-A459-72023200205D}"
EndProject
Project("{9A19103F-16F7-4668-BE54-9A1E7A4F7556}") = "Teleta.Bari.XF.Auth", "Teleta.Bari.XF.Auth\Teleta.Bari.XF.Auth.csproj", "{EA2B25DE-526E-41B3-9773-93F925CB4BD9}"
EndProject
Project("{9A19103F-16F7-4668-BE54-9A1E7A4F7556}") = "Teleta.Bari.XF.Repository", "Teleta.Bari.XF.Repository\Teleta.Bari.XF.Repository.csproj", "{5C3A274F-57E0-4EE3-BE11-B670A2F3035D}"
EndProject
Project("{9A19103F-16F7-4668-BE54-9A1E7A4F7556}") = "Teleta.Bari.ViewModels", "Teleta.Bari.ViewModels\Teleta.Bari.ViewModels.csproj", "{3D8F9878-CD8F-40FA-A117-BFCC20432402}"
EndProject
Project("{9A19103F-16F7-4668-BE54-9A1E7A4F7556}") = "Teleta.Bari.Interfaces", "Teleta.Bari.Interfaces\Teleta.Bari.Interfaces.csproj", "{D5353238-8039-4E41-81B7-3C85BB4CA8C6}"
EndProject
Project("{FAE04EC0-301F-11D3-BF4B-00C04F79EFBC}") = "Teleta.Bari.Reporting", "Teleta.Bari.Reporting\Teleta.Bari.Reporting.csproj", "{BE046027-E6E0-4C32-BCD5-E2871842C4E6}"
EndProject
Project("{FAE04EC0-301F-11D3-BF4B-00C04F79EFBC}") = "Teleta.Bari.Testing", "Teleta.Bari.Testing\Teleta.Bari.Testing.csproj", "{A117299D-0C48-448B-A9E0-414F2AADDC75}"
EndProject
Global
	GlobalSection(SharedMSBuildProjectFiles) = preSolution
		Teleta.Bari.XF\Teleta.Bari.XF\Teleta.Bari.XF.projitems*{08a4a9ae-1ffd-41cc-8796-feb8c4b63a9b}*SharedItemsImports = 4
		Teleta.Bari.XF\Teleta.Bari.XF\Teleta.Bari.XF.projitems*{2d9283fb-c452-4c80-84af-23864e065f95}*SharedItemsImports = 4
		Teleta.Bari.XF\Teleta.Bari.XF\Teleta.Bari.XF.projitems*{4f48705d-380d-47db-ad70-86d10b2ad55d}*SharedItemsImports = 4
		Teleta.Bari.XF\Teleta.Bari.XF\Teleta.Bari.XF.projitems*{9f040a6f-5360-47c3-994c-f0ba7ba9eab1}*SharedItemsImports = 13
	EndGlobalSection
	GlobalSection(SolutionConfigurationPlatforms) = preSolution
		Ad-Hoc|Any CPU = Ad-Hoc|Any CPU
		Ad-Hoc|ARM = Ad-Hoc|ARM
		Ad-Hoc|iPhone = Ad-Hoc|iPhone
		Ad-Hoc|iPhoneSimulator = Ad-Hoc|iPhoneSimulator
		Ad-Hoc|x64 = Ad-Hoc|x64
		Ad-Hoc|x86 = Ad-Hoc|x86
		AppStore|Any CPU = AppStore|Any CPU
		AppStore|ARM = AppStore|ARM
		AppStore|iPhone = AppStore|iPhone
		AppStore|iPhoneSimulator = AppStore|iPhoneSimulator
		AppStore|x64 = AppStore|x64
		AppStore|x86 = AppStore|x86
		Debug|Any CPU = Debug|Any CPU
		Debug|ARM = Debug|ARM
		Debug|iPhone = Debug|iPhone
		Debug|iPhoneSimulator = Debug|iPhoneSimulator
		Debug|x64 = Debug|x64
		Debug|x86 = Debug|x86
		Release|Any CPU = Release|Any CPU
		Release|ARM = Release|ARM
		Release|iPhone = Release|iPhone
		Release|iPhoneSimulator = Release|iPhoneSimulator
		Release|x64 = Release|x64
		Release|x86 = Release|x86
	EndGlobalSection
	GlobalSection(ProjectConfigurationPlatforms) = postSolution
		{4F48705D-380D-47DB-AD70-86D10B2AD55D}.Ad-Hoc|Any CPU.ActiveCfg = Release|Any CPU
		{4F48705D-380D-47DB-AD70-86D10B2AD55D}.Ad-Hoc|Any CPU.Build.0 = Release|Any CPU
		{4F48705D-380D-47DB-AD70-86D10B2AD55D}.Ad-Hoc|Any CPU.Deploy.0 = Release|Any CPU
		{4F48705D-380D-47DB-AD70-86D10B2AD55D}.Ad-Hoc|ARM.ActiveCfg = Release|Any CPU
		{4F48705D-380D-47DB-AD70-86D10B2AD55D}.Ad-Hoc|ARM.Build.0 = Release|Any CPU
		{4F48705D-380D-47DB-AD70-86D10B2AD55D}.Ad-Hoc|ARM.Deploy.0 = Release|Any CPU
		{4F48705D-380D-47DB-AD70-86D10B2AD55D}.Ad-Hoc|iPhone.ActiveCfg = Release|Any CPU
		{4F48705D-380D-47DB-AD70-86D10B2AD55D}.Ad-Hoc|iPhone.Build.0 = Release|Any CPU
		{4F48705D-380D-47DB-AD70-86D10B2AD55D}.Ad-Hoc|iPhone.Deploy.0 = Release|Any CPU
		{4F48705D-380D-47DB-AD70-86D10B2AD55D}.Ad-Hoc|iPhoneSimulator.ActiveCfg = Release|Any CPU
		{4F48705D-380D-47DB-AD70-86D10B2AD55D}.Ad-Hoc|iPhoneSimulator.Build.0 = Release|Any CPU
		{4F48705D-380D-47DB-AD70-86D10B2AD55D}.Ad-Hoc|iPhoneSimulator.Deploy.0 = Release|Any CPU
		{4F48705D-380D-47DB-AD70-86D10B2AD55D}.Ad-Hoc|x64.ActiveCfg = Release|Any CPU
		{4F48705D-380D-47DB-AD70-86D10B2AD55D}.Ad-Hoc|x64.Build.0 = Release|Any CPU
		{4F48705D-380D-47DB-AD70-86D10B2AD55D}.Ad-Hoc|x64.Deploy.0 = Release|Any CPU
		{4F48705D-380D-47DB-AD70-86D10B2AD55D}.Ad-Hoc|x86.ActiveCfg = Release|Any CPU
		{4F48705D-380D-47DB-AD70-86D10B2AD55D}.Ad-Hoc|x86.Build.0 = Release|Any CPU
		{4F48705D-380D-47DB-AD70-86D10B2AD55D}.Ad-Hoc|x86.Deploy.0 = Release|Any CPU
		{4F48705D-380D-47DB-AD70-86D10B2AD55D}.AppStore|Any CPU.ActiveCfg = Release|Any CPU
		{4F48705D-380D-47DB-AD70-86D10B2AD55D}.AppStore|Any CPU.Build.0 = Release|Any CPU
		{4F48705D-380D-47DB-AD70-86D10B2AD55D}.AppStore|Any CPU.Deploy.0 = Release|Any CPU
		{4F48705D-380D-47DB-AD70-86D10B2AD55D}.AppStore|ARM.ActiveCfg = Release|Any CPU
		{4F48705D-380D-47DB-AD70-86D10B2AD55D}.AppStore|ARM.Build.0 = Release|Any CPU
		{4F48705D-380D-47DB-AD70-86D10B2AD55D}.AppStore|ARM.Deploy.0 = Release|Any CPU
		{4F48705D-380D-47DB-AD70-86D10B2AD55D}.AppStore|iPhone.ActiveCfg = Release|Any CPU
		{4F48705D-380D-47DB-AD70-86D10B2AD55D}.AppStore|iPhone.Build.0 = Release|Any CPU
		{4F48705D-380D-47DB-AD70-86D10B2AD55D}.AppStore|iPhone.Deploy.0 = Release|Any CPU
		{4F48705D-380D-47DB-AD70-86D10B2AD55D}.AppStore|iPhoneSimulator.ActiveCfg = Release|Any CPU
		{4F48705D-380D-47DB-AD70-86D10B2AD55D}.AppStore|iPhoneSimulator.Build.0 = Release|Any CPU
		{4F48705D-380D-47DB-AD70-86D10B2AD55D}.AppStore|iPhoneSimulator.Deploy.0 = Release|Any CPU
		{4F48705D-380D-47DB-AD70-86D10B2AD55D}.AppStore|x64.ActiveCfg = Release|Any CPU
		{4F48705D-380D-47DB-AD70-86D10B2AD55D}.AppStore|x64.Build.0 = Release|Any CPU
		{4F48705D-380D-47DB-AD70-86D10B2AD55D}.AppStore|x64.Deploy.0 = Release|Any CPU
		{4F48705D-380D-47DB-AD70-86D10B2AD55D}.AppStore|x86.ActiveCfg = Release|Any CPU
		{4F48705D-380D-47DB-AD70-86D10B2AD55D}.AppStore|x86.Build.0 = Release|Any CPU
		{4F48705D-380D-47DB-AD70-86D10B2AD55D}.AppStore|x86.Deploy.0 = Release|Any CPU
		{4F48705D-380D-47DB-AD70-86D10B2AD55D}.Debug|Any CPU.ActiveCfg = Debug|Any CPU
		{4F48705D-380D-47DB-AD70-86D10B2AD55D}.Debug|Any CPU.Build.0 = Debug|Any CPU
		{4F48705D-380D-47DB-AD70-86D10B2AD55D}.Debug|Any CPU.Deploy.0 = Debug|Any CPU
		{4F48705D-380D-47DB-AD70-86D10B2AD55D}.Debug|ARM.ActiveCfg = Debug|Any CPU
		{4F48705D-380D-47DB-AD70-86D10B2AD55D}.Debug|ARM.Build.0 = Debug|Any CPU
		{4F48705D-380D-47DB-AD70-86D10B2AD55D}.Debug|ARM.Deploy.0 = Debug|Any CPU
		{4F48705D-380D-47DB-AD70-86D10B2AD55D}.Debug|iPhone.ActiveCfg = Debug|Any CPU
		{4F48705D-380D-47DB-AD70-86D10B2AD55D}.Debug|iPhone.Build.0 = Debug|Any CPU
		{4F48705D-380D-47DB-AD70-86D10B2AD55D}.Debug|iPhone.Deploy.0 = Debug|Any CPU
		{4F48705D-380D-47DB-AD70-86D10B2AD55D}.Debug|iPhoneSimulator.ActiveCfg = Debug|Any CPU
		{4F48705D-380D-47DB-AD70-86D10B2AD55D}.Debug|iPhoneSimulator.Build.0 = Debug|Any CPU
		{4F48705D-380D-47DB-AD70-86D10B2AD55D}.Debug|iPhoneSimulator.Deploy.0 = Debug|Any CPU
		{4F48705D-380D-47DB-AD70-86D10B2AD55D}.Debug|x64.ActiveCfg = Debug|Any CPU
		{4F48705D-380D-47DB-AD70-86D10B2AD55D}.Debug|x64.Build.0 = Debug|Any CPU
		{4F48705D-380D-47DB-AD70-86D10B2AD55D}.Debug|x64.Deploy.0 = Debug|Any CPU
		{4F48705D-380D-47DB-AD70-86D10B2AD55D}.Debug|x86.ActiveCfg = Debug|Any CPU
		{4F48705D-380D-47DB-AD70-86D10B2AD55D}.Debug|x86.Build.0 = Debug|Any CPU
		{4F48705D-380D-47DB-AD70-86D10B2AD55D}.Debug|x86.Deploy.0 = Debug|Any CPU
		{4F48705D-380D-47DB-AD70-86D10B2AD55D}.Release|Any CPU.ActiveCfg = Release|Any CPU
		{4F48705D-380D-47DB-AD70-86D10B2AD55D}.Release|Any CPU.Build.0 = Release|Any CPU
		{4F48705D-380D-47DB-AD70-86D10B2AD55D}.Release|Any CPU.Deploy.0 = Release|Any CPU
		{4F48705D-380D-47DB-AD70-86D10B2AD55D}.Release|ARM.ActiveCfg = Release|Any CPU
		{4F48705D-380D-47DB-AD70-86D10B2AD55D}.Release|ARM.Build.0 = Release|Any CPU
		{4F48705D-380D-47DB-AD70-86D10B2AD55D}.Release|ARM.Deploy.0 = Release|Any CPU
		{4F48705D-380D-47DB-AD70-86D10B2AD55D}.Release|iPhone.ActiveCfg = Release|Any CPU
		{4F48705D-380D-47DB-AD70-86D10B2AD55D}.Release|iPhone.Build.0 = Release|Any CPU
		{4F48705D-380D-47DB-AD70-86D10B2AD55D}.Release|iPhone.Deploy.0 = Release|Any CPU
		{4F48705D-380D-47DB-AD70-86D10B2AD55D}.Release|iPhoneSimulator.ActiveCfg = Release|Any CPU
		{4F48705D-380D-47DB-AD70-86D10B2AD55D}.Release|iPhoneSimulator.Build.0 = Release|Any CPU
		{4F48705D-380D-47DB-AD70-86D10B2AD55D}.Release|iPhoneSimulator.Deploy.0 = Release|Any CPU
		{4F48705D-380D-47DB-AD70-86D10B2AD55D}.Release|x64.ActiveCfg = Release|Any CPU
		{4F48705D-380D-47DB-AD70-86D10B2AD55D}.Release|x64.Build.0 = Release|Any CPU
		{4F48705D-380D-47DB-AD70-86D10B2AD55D}.Release|x64.Deploy.0 = Release|Any CPU
		{4F48705D-380D-47DB-AD70-86D10B2AD55D}.Release|x86.ActiveCfg = Release|Any CPU
		{4F48705D-380D-47DB-AD70-86D10B2AD55D}.Release|x86.Build.0 = Release|Any CPU
		{4F48705D-380D-47DB-AD70-86D10B2AD55D}.Release|x86.Deploy.0 = Release|Any CPU
		{2D9283FB-C452-4C80-84AF-23864E065F95}.Ad-Hoc|Any CPU.ActiveCfg = Ad-Hoc|iPhone
		{2D9283FB-C452-4C80-84AF-23864E065F95}.Ad-Hoc|ARM.ActiveCfg = Ad-Hoc|iPhone
		{2D9283FB-C452-4C80-84AF-23864E065F95}.Ad-Hoc|iPhone.ActiveCfg = Ad-Hoc|iPhone
		{2D9283FB-C452-4C80-84AF-23864E065F95}.Ad-Hoc|iPhone.Build.0 = Ad-Hoc|iPhone
		{2D9283FB-C452-4C80-84AF-23864E065F95}.Ad-Hoc|iPhoneSimulator.ActiveCfg = Ad-Hoc|iPhoneSimulator
		{2D9283FB-C452-4C80-84AF-23864E065F95}.Ad-Hoc|iPhoneSimulator.Build.0 = Ad-Hoc|iPhoneSimulator
		{2D9283FB-C452-4C80-84AF-23864E065F95}.Ad-Hoc|x64.ActiveCfg = Ad-Hoc|iPhone
		{2D9283FB-C452-4C80-84AF-23864E065F95}.Ad-Hoc|x86.ActiveCfg = Ad-Hoc|iPhone
		{2D9283FB-C452-4C80-84AF-23864E065F95}.AppStore|Any CPU.ActiveCfg = AppStore|iPhone
		{2D9283FB-C452-4C80-84AF-23864E065F95}.AppStore|ARM.ActiveCfg = AppStore|iPhone
		{2D9283FB-C452-4C80-84AF-23864E065F95}.AppStore|iPhone.ActiveCfg = AppStore|iPhone
		{2D9283FB-C452-4C80-84AF-23864E065F95}.AppStore|iPhone.Build.0 = AppStore|iPhone
		{2D9283FB-C452-4C80-84AF-23864E065F95}.AppStore|iPhoneSimulator.ActiveCfg = AppStore|iPhoneSimulator
		{2D9283FB-C452-4C80-84AF-23864E065F95}.AppStore|iPhoneSimulator.Build.0 = AppStore|iPhoneSimulator
		{2D9283FB-C452-4C80-84AF-23864E065F95}.AppStore|x64.ActiveCfg = AppStore|iPhone
		{2D9283FB-C452-4C80-84AF-23864E065F95}.AppStore|x86.ActiveCfg = AppStore|iPhone
		{2D9283FB-C452-4C80-84AF-23864E065F95}.Debug|Any CPU.ActiveCfg = Debug|iPhone
		{2D9283FB-C452-4C80-84AF-23864E065F95}.Debug|ARM.ActiveCfg = Debug|iPhone
		{2D9283FB-C452-4C80-84AF-23864E065F95}.Debug|iPhone.ActiveCfg = Debug|iPhone
		{2D9283FB-C452-4C80-84AF-23864E065F95}.Debug|iPhone.Build.0 = Debug|iPhone
		{2D9283FB-C452-4C80-84AF-23864E065F95}.Debug|iPhoneSimulator.ActiveCfg = Debug|iPhoneSimulator
		{2D9283FB-C452-4C80-84AF-23864E065F95}.Debug|iPhoneSimulator.Build.0 = Debug|iPhoneSimulator
		{2D9283FB-C452-4C80-84AF-23864E065F95}.Debug|x64.ActiveCfg = Debug|iPhone
		{2D9283FB-C452-4C80-84AF-23864E065F95}.Debug|x86.ActiveCfg = Debug|iPhone
		{2D9283FB-C452-4C80-84AF-23864E065F95}.Release|Any CPU.ActiveCfg = Release|iPhone
		{2D9283FB-C452-4C80-84AF-23864E065F95}.Release|ARM.ActiveCfg = Release|iPhone
		{2D9283FB-C452-4C80-84AF-23864E065F95}.Release|iPhone.ActiveCfg = Release|iPhone
		{2D9283FB-C452-4C80-84AF-23864E065F95}.Release|iPhone.Build.0 = Release|iPhone
		{2D9283FB-C452-4C80-84AF-23864E065F95}.Release|iPhoneSimulator.ActiveCfg = Release|iPhoneSimulator
		{2D9283FB-C452-4C80-84AF-23864E065F95}.Release|iPhoneSimulator.Build.0 = Release|iPhoneSimulator
		{2D9283FB-C452-4C80-84AF-23864E065F95}.Release|x64.ActiveCfg = Release|iPhone
		{2D9283FB-C452-4C80-84AF-23864E065F95}.Release|x86.ActiveCfg = Release|iPhone
		{08A4A9AE-1FFD-41CC-8796-FEB8C4B63A9B}.Ad-Hoc|Any CPU.ActiveCfg = Release|x86
		{08A4A9AE-1FFD-41CC-8796-FEB8C4B63A9B}.Ad-Hoc|Any CPU.Build.0 = Release|x86
		{08A4A9AE-1FFD-41CC-8796-FEB8C4B63A9B}.Ad-Hoc|Any CPU.Deploy.0 = Release|x86
		{08A4A9AE-1FFD-41CC-8796-FEB8C4B63A9B}.Ad-Hoc|ARM.ActiveCfg = Release|ARM
		{08A4A9AE-1FFD-41CC-8796-FEB8C4B63A9B}.Ad-Hoc|ARM.Build.0 = Release|ARM
		{08A4A9AE-1FFD-41CC-8796-FEB8C4B63A9B}.Ad-Hoc|ARM.Deploy.0 = Release|ARM
		{08A4A9AE-1FFD-41CC-8796-FEB8C4B63A9B}.Ad-Hoc|iPhone.ActiveCfg = Release|x86
		{08A4A9AE-1FFD-41CC-8796-FEB8C4B63A9B}.Ad-Hoc|iPhone.Build.0 = Release|x86
		{08A4A9AE-1FFD-41CC-8796-FEB8C4B63A9B}.Ad-Hoc|iPhone.Deploy.0 = Release|x86
		{08A4A9AE-1FFD-41CC-8796-FEB8C4B63A9B}.Ad-Hoc|iPhoneSimulator.ActiveCfg = Release|x86
		{08A4A9AE-1FFD-41CC-8796-FEB8C4B63A9B}.Ad-Hoc|iPhoneSimulator.Build.0 = Release|x86
		{08A4A9AE-1FFD-41CC-8796-FEB8C4B63A9B}.Ad-Hoc|iPhoneSimulator.Deploy.0 = Release|x86
		{08A4A9AE-1FFD-41CC-8796-FEB8C4B63A9B}.Ad-Hoc|x64.ActiveCfg = Release|x64
		{08A4A9AE-1FFD-41CC-8796-FEB8C4B63A9B}.Ad-Hoc|x64.Build.0 = Release|x64
		{08A4A9AE-1FFD-41CC-8796-FEB8C4B63A9B}.Ad-Hoc|x64.Deploy.0 = Release|x64
		{08A4A9AE-1FFD-41CC-8796-FEB8C4B63A9B}.Ad-Hoc|x86.ActiveCfg = Release|x86
		{08A4A9AE-1FFD-41CC-8796-FEB8C4B63A9B}.Ad-Hoc|x86.Build.0 = Release|x86
		{08A4A9AE-1FFD-41CC-8796-FEB8C4B63A9B}.Ad-Hoc|x86.Deploy.0 = Release|x86
		{08A4A9AE-1FFD-41CC-8796-FEB8C4B63A9B}.AppStore|Any CPU.ActiveCfg = Release|x86
		{08A4A9AE-1FFD-41CC-8796-FEB8C4B63A9B}.AppStore|Any CPU.Build.0 = Release|x86
		{08A4A9AE-1FFD-41CC-8796-FEB8C4B63A9B}.AppStore|Any CPU.Deploy.0 = Release|x86
		{08A4A9AE-1FFD-41CC-8796-FEB8C4B63A9B}.AppStore|ARM.ActiveCfg = Release|ARM
		{08A4A9AE-1FFD-41CC-8796-FEB8C4B63A9B}.AppStore|ARM.Build.0 = Release|ARM
		{08A4A9AE-1FFD-41CC-8796-FEB8C4B63A9B}.AppStore|ARM.Deploy.0 = Release|ARM
		{08A4A9AE-1FFD-41CC-8796-FEB8C4B63A9B}.AppStore|iPhone.ActiveCfg = Release|x86
		{08A4A9AE-1FFD-41CC-8796-FEB8C4B63A9B}.AppStore|iPhone.Build.0 = Release|x86
		{08A4A9AE-1FFD-41CC-8796-FEB8C4B63A9B}.AppStore|iPhone.Deploy.0 = Release|x86
		{08A4A9AE-1FFD-41CC-8796-FEB8C4B63A9B}.AppStore|iPhoneSimulator.ActiveCfg = Release|x86
		{08A4A9AE-1FFD-41CC-8796-FEB8C4B63A9B}.AppStore|iPhoneSimulator.Build.0 = Release|x86
		{08A4A9AE-1FFD-41CC-8796-FEB8C4B63A9B}.AppStore|iPhoneSimulator.Deploy.0 = Release|x86
		{08A4A9AE-1FFD-41CC-8796-FEB8C4B63A9B}.AppStore|x64.ActiveCfg = Release|x64
		{08A4A9AE-1FFD-41CC-8796-FEB8C4B63A9B}.AppStore|x64.Build.0 = Release|x64
		{08A4A9AE-1FFD-41CC-8796-FEB8C4B63A9B}.AppStore|x64.Deploy.0 = Release|x64
		{08A4A9AE-1FFD-41CC-8796-FEB8C4B63A9B}.AppStore|x86.ActiveCfg = Release|x86
		{08A4A9AE-1FFD-41CC-8796-FEB8C4B63A9B}.AppStore|x86.Build.0 = Release|x86
		{08A4A9AE-1FFD-41CC-8796-FEB8C4B63A9B}.AppStore|x86.Deploy.0 = Release|x86
		{08A4A9AE-1FFD-41CC-8796-FEB8C4B63A9B}.Debug|Any CPU.ActiveCfg = Debug|x86
		{08A4A9AE-1FFD-41CC-8796-FEB8C4B63A9B}.Debug|ARM.ActiveCfg = Debug|ARM
		{08A4A9AE-1FFD-41CC-8796-FEB8C4B63A9B}.Debug|ARM.Build.0 = Debug|ARM
		{08A4A9AE-1FFD-41CC-8796-FEB8C4B63A9B}.Debug|ARM.Deploy.0 = Debug|ARM
		{08A4A9AE-1FFD-41CC-8796-FEB8C4B63A9B}.Debug|iPhone.ActiveCfg = Debug|x86
		{08A4A9AE-1FFD-41CC-8796-FEB8C4B63A9B}.Debug|iPhoneSimulator.ActiveCfg = Debug|x86
		{08A4A9AE-1FFD-41CC-8796-FEB8C4B63A9B}.Debug|x64.ActiveCfg = Debug|x64
		{08A4A9AE-1FFD-41CC-8796-FEB8C4B63A9B}.Debug|x64.Build.0 = Debug|x64
		{08A4A9AE-1FFD-41CC-8796-FEB8C4B63A9B}.Debug|x64.Deploy.0 = Debug|x64
		{08A4A9AE-1FFD-41CC-8796-FEB8C4B63A9B}.Debug|x86.ActiveCfg = Debug|x86
		{08A4A9AE-1FFD-41CC-8796-FEB8C4B63A9B}.Debug|x86.Build.0 = Debug|x86
		{08A4A9AE-1FFD-41CC-8796-FEB8C4B63A9B}.Debug|x86.Deploy.0 = Debug|x86
		{08A4A9AE-1FFD-41CC-8796-FEB8C4B63A9B}.Release|Any CPU.ActiveCfg = Release|x86
		{08A4A9AE-1FFD-41CC-8796-FEB8C4B63A9B}.Release|ARM.ActiveCfg = Release|ARM
		{08A4A9AE-1FFD-41CC-8796-FEB8C4B63A9B}.Release|ARM.Build.0 = Release|ARM
		{08A4A9AE-1FFD-41CC-8796-FEB8C4B63A9B}.Release|ARM.Deploy.0 = Release|ARM
		{08A4A9AE-1FFD-41CC-8796-FEB8C4B63A9B}.Release|iPhone.ActiveCfg = Release|x86
		{08A4A9AE-1FFD-41CC-8796-FEB8C4B63A9B}.Release|iPhoneSimulator.ActiveCfg = Release|x86
		{08A4A9AE-1FFD-41CC-8796-FEB8C4B63A9B}.Release|x64.ActiveCfg = Release|x64
		{08A4A9AE-1FFD-41CC-8796-FEB8C4B63A9B}.Release|x64.Build.0 = Release|x64
		{08A4A9AE-1FFD-41CC-8796-FEB8C4B63A9B}.Release|x64.Deploy.0 = Release|x64
		{08A4A9AE-1FFD-41CC-8796-FEB8C4B63A9B}.Release|x86.ActiveCfg = Release|x86
		{08A4A9AE-1FFD-41CC-8796-FEB8C4B63A9B}.Release|x86.Build.0 = Release|x86
		{08A4A9AE-1FFD-41CC-8796-FEB8C4B63A9B}.Release|x86.Deploy.0 = Release|x86
		{EA2B25DE-526E-41B3-9773-93F925CB4BD9}.Ad-Hoc|Any CPU.ActiveCfg = Debug|Any CPU
		{EA2B25DE-526E-41B3-9773-93F925CB4BD9}.Ad-Hoc|Any CPU.Build.0 = Debug|Any CPU
		{EA2B25DE-526E-41B3-9773-93F925CB4BD9}.Ad-Hoc|ARM.ActiveCfg = Debug|Any CPU
		{EA2B25DE-526E-41B3-9773-93F925CB4BD9}.Ad-Hoc|ARM.Build.0 = Debug|Any CPU
		{EA2B25DE-526E-41B3-9773-93F925CB4BD9}.Ad-Hoc|iPhone.ActiveCfg = Debug|Any CPU
		{EA2B25DE-526E-41B3-9773-93F925CB4BD9}.Ad-Hoc|iPhone.Build.0 = Debug|Any CPU
		{EA2B25DE-526E-41B3-9773-93F925CB4BD9}.Ad-Hoc|iPhoneSimulator.ActiveCfg = Debug|Any CPU
		{EA2B25DE-526E-41B3-9773-93F925CB4BD9}.Ad-Hoc|iPhoneSimulator.Build.0 = Debug|Any CPU
		{EA2B25DE-526E-41B3-9773-93F925CB4BD9}.Ad-Hoc|x64.ActiveCfg = Debug|Any CPU
		{EA2B25DE-526E-41B3-9773-93F925CB4BD9}.Ad-Hoc|x64.Build.0 = Debug|Any CPU
		{EA2B25DE-526E-41B3-9773-93F925CB4BD9}.Ad-Hoc|x86.ActiveCfg = Debug|Any CPU
		{EA2B25DE-526E-41B3-9773-93F925CB4BD9}.Ad-Hoc|x86.Build.0 = Debug|Any CPU
		{EA2B25DE-526E-41B3-9773-93F925CB4BD9}.AppStore|Any CPU.ActiveCfg = Debug|Any CPU
		{EA2B25DE-526E-41B3-9773-93F925CB4BD9}.AppStore|Any CPU.Build.0 = Debug|Any CPU
		{EA2B25DE-526E-41B3-9773-93F925CB4BD9}.AppStore|ARM.ActiveCfg = Debug|Any CPU
		{EA2B25DE-526E-41B3-9773-93F925CB4BD9}.AppStore|ARM.Build.0 = Debug|Any CPU
		{EA2B25DE-526E-41B3-9773-93F925CB4BD9}.AppStore|iPhone.ActiveCfg = Debug|Any CPU
		{EA2B25DE-526E-41B3-9773-93F925CB4BD9}.AppStore|iPhone.Build.0 = Debug|Any CPU
		{EA2B25DE-526E-41B3-9773-93F925CB4BD9}.AppStore|iPhoneSimulator.ActiveCfg = Debug|Any CPU
		{EA2B25DE-526E-41B3-9773-93F925CB4BD9}.AppStore|iPhoneSimulator.Build.0 = Debug|Any CPU
		{EA2B25DE-526E-41B3-9773-93F925CB4BD9}.AppStore|x64.ActiveCfg = Debug|Any CPU
		{EA2B25DE-526E-41B3-9773-93F925CB4BD9}.AppStore|x64.Build.0 = Debug|Any CPU
		{EA2B25DE-526E-41B3-9773-93F925CB4BD9}.AppStore|x86.ActiveCfg = Debug|Any CPU
		{EA2B25DE-526E-41B3-9773-93F925CB4BD9}.AppStore|x86.Build.0 = Debug|Any CPU
		{EA2B25DE-526E-41B3-9773-93F925CB4BD9}.Debug|Any CPU.ActiveCfg = Debug|Any CPU
		{EA2B25DE-526E-41B3-9773-93F925CB4BD9}.Debug|Any CPU.Build.0 = Debug|Any CPU
		{EA2B25DE-526E-41B3-9773-93F925CB4BD9}.Debug|ARM.ActiveCfg = Debug|Any CPU
		{EA2B25DE-526E-41B3-9773-93F925CB4BD9}.Debug|ARM.Build.0 = Debug|Any CPU
		{EA2B25DE-526E-41B3-9773-93F925CB4BD9}.Debug|iPhone.ActiveCfg = Debug|Any CPU
		{EA2B25DE-526E-41B3-9773-93F925CB4BD9}.Debug|iPhone.Build.0 = Debug|Any CPU
		{EA2B25DE-526E-41B3-9773-93F925CB4BD9}.Debug|iPhoneSimulator.ActiveCfg = Debug|Any CPU
		{EA2B25DE-526E-41B3-9773-93F925CB4BD9}.Debug|iPhoneSimulator.Build.0 = Debug|Any CPU
		{EA2B25DE-526E-41B3-9773-93F925CB4BD9}.Debug|x64.ActiveCfg = Debug|Any CPU
		{EA2B25DE-526E-41B3-9773-93F925CB4BD9}.Debug|x64.Build.0 = Debug|Any CPU
		{EA2B25DE-526E-41B3-9773-93F925CB4BD9}.Debug|x86.ActiveCfg = Debug|Any CPU
		{EA2B25DE-526E-41B3-9773-93F925CB4BD9}.Debug|x86.Build.0 = Debug|Any CPU
		{EA2B25DE-526E-41B3-9773-93F925CB4BD9}.Release|Any CPU.ActiveCfg = Release|Any CPU
		{EA2B25DE-526E-41B3-9773-93F925CB4BD9}.Release|Any CPU.Build.0 = Release|Any CPU
		{EA2B25DE-526E-41B3-9773-93F925CB4BD9}.Release|ARM.ActiveCfg = Release|Any CPU
		{EA2B25DE-526E-41B3-9773-93F925CB4BD9}.Release|ARM.Build.0 = Release|Any CPU
		{EA2B25DE-526E-41B3-9773-93F925CB4BD9}.Release|iPhone.ActiveCfg = Release|Any CPU
		{EA2B25DE-526E-41B3-9773-93F925CB4BD9}.Release|iPhone.Build.0 = Release|Any CPU
		{EA2B25DE-526E-41B3-9773-93F925CB4BD9}.Release|iPhoneSimulator.ActiveCfg = Release|Any CPU
		{EA2B25DE-526E-41B3-9773-93F925CB4BD9}.Release|iPhoneSimulator.Build.0 = Release|Any CPU
		{EA2B25DE-526E-41B3-9773-93F925CB4BD9}.Release|x64.ActiveCfg = Release|Any CPU
		{EA2B25DE-526E-41B3-9773-93F925CB4BD9}.Release|x64.Build.0 = Release|Any CPU
		{EA2B25DE-526E-41B3-9773-93F925CB4BD9}.Release|x86.ActiveCfg = Release|Any CPU
		{EA2B25DE-526E-41B3-9773-93F925CB4BD9}.Release|x86.Build.0 = Release|Any CPU
		{5C3A274F-57E0-4EE3-BE11-B670A2F3035D}.Ad-Hoc|Any CPU.ActiveCfg = Debug|Any CPU
		{5C3A274F-57E0-4EE3-BE11-B670A2F3035D}.Ad-Hoc|Any CPU.Build.0 = Debug|Any CPU
		{5C3A274F-57E0-4EE3-BE11-B670A2F3035D}.Ad-Hoc|ARM.ActiveCfg = Debug|Any CPU
		{5C3A274F-57E0-4EE3-BE11-B670A2F3035D}.Ad-Hoc|ARM.Build.0 = Debug|Any CPU
		{5C3A274F-57E0-4EE3-BE11-B670A2F3035D}.Ad-Hoc|iPhone.ActiveCfg = Debug|Any CPU
		{5C3A274F-57E0-4EE3-BE11-B670A2F3035D}.Ad-Hoc|iPhone.Build.0 = Debug|Any CPU
		{5C3A274F-57E0-4EE3-BE11-B670A2F3035D}.Ad-Hoc|iPhoneSimulator.ActiveCfg = Debug|Any CPU
		{5C3A274F-57E0-4EE3-BE11-B670A2F3035D}.Ad-Hoc|iPhoneSimulator.Build.0 = Debug|Any CPU
		{5C3A274F-57E0-4EE3-BE11-B670A2F3035D}.Ad-Hoc|x64.ActiveCfg = Debug|Any CPU
		{5C3A274F-57E0-4EE3-BE11-B670A2F3035D}.Ad-Hoc|x64.Build.0 = Debug|Any CPU
		{5C3A274F-57E0-4EE3-BE11-B670A2F3035D}.Ad-Hoc|x86.ActiveCfg = Debug|Any CPU
		{5C3A274F-57E0-4EE3-BE11-B670A2F3035D}.Ad-Hoc|x86.Build.0 = Debug|Any CPU
		{5C3A274F-57E0-4EE3-BE11-B670A2F3035D}.AppStore|Any CPU.ActiveCfg = Debug|Any CPU
		{5C3A274F-57E0-4EE3-BE11-B670A2F3035D}.AppStore|Any CPU.Build.0 = Debug|Any CPU
		{5C3A274F-57E0-4EE3-BE11-B670A2F3035D}.AppStore|ARM.ActiveCfg = Debug|Any CPU
		{5C3A274F-57E0-4EE3-BE11-B670A2F3035D}.AppStore|ARM.Build.0 = Debug|Any CPU
		{5C3A274F-57E0-4EE3-BE11-B670A2F3035D}.AppStore|iPhone.ActiveCfg = Debug|Any CPU
		{5C3A274F-57E0-4EE3-BE11-B670A2F3035D}.AppStore|iPhone.Build.0 = Debug|Any CPU
		{5C3A274F-57E0-4EE3-BE11-B670A2F3035D}.AppStore|iPhoneSimulator.ActiveCfg = Debug|Any CPU
		{5C3A274F-57E0-4EE3-BE11-B670A2F3035D}.AppStore|iPhoneSimulator.Build.0 = Debug|Any CPU
		{5C3A274F-57E0-4EE3-BE11-B670A2F3035D}.AppStore|x64.ActiveCfg = Debug|Any CPU
		{5C3A274F-57E0-4EE3-BE11-B670A2F3035D}.AppStore|x64.Build.0 = Debug|Any CPU
		{5C3A274F-57E0-4EE3-BE11-B670A2F3035D}.AppStore|x86.ActiveCfg = Debug|Any CPU
		{5C3A274F-57E0-4EE3-BE11-B670A2F3035D}.AppStore|x86.Build.0 = Debug|Any CPU
		{5C3A274F-57E0-4EE3-BE11-B670A2F3035D}.Debug|Any CPU.ActiveCfg = Debug|Any CPU
		{5C3A274F-57E0-4EE3-BE11-B670A2F3035D}.Debug|Any CPU.Build.0 = Debug|Any CPU
		{5C3A274F-57E0-4EE3-BE11-B670A2F3035D}.Debug|ARM.ActiveCfg = Debug|Any CPU
		{5C3A274F-57E0-4EE3-BE11-B670A2F3035D}.Debug|ARM.Build.0 = Debug|Any CPU
		{5C3A274F-57E0-4EE3-BE11-B670A2F3035D}.Debug|iPhone.ActiveCfg = Debug|Any CPU
		{5C3A274F-57E0-4EE3-BE11-B670A2F3035D}.Debug|iPhone.Build.0 = Debug|Any CPU
		{5C3A274F-57E0-4EE3-BE11-B670A2F3035D}.Debug|iPhoneSimulator.ActiveCfg = Debug|Any CPU
		{5C3A274F-57E0-4EE3-BE11-B670A2F3035D}.Debug|iPhoneSimulator.Build.0 = Debug|Any CPU
		{5C3A274F-57E0-4EE3-BE11-B670A2F3035D}.Debug|x64.ActiveCfg = Debug|Any CPU
		{5C3A274F-57E0-4EE3-BE11-B670A2F3035D}.Debug|x64.Build.0 = Debug|Any CPU
		{5C3A274F-57E0-4EE3-BE11-B670A2F3035D}.Debug|x86.ActiveCfg = Debug|Any CPU
		{5C3A274F-57E0-4EE3-BE11-B670A2F3035D}.Debug|x86.Build.0 = Debug|Any CPU
		{5C3A274F-57E0-4EE3-BE11-B670A2F3035D}.Release|Any CPU.ActiveCfg = Release|Any CPU
		{5C3A274F-57E0-4EE3-BE11-B670A2F3035D}.Release|Any CPU.Build.0 = Release|Any CPU
		{5C3A274F-57E0-4EE3-BE11-B670A2F3035D}.Release|ARM.ActiveCfg = Release|Any CPU
		{5C3A274F-57E0-4EE3-BE11-B670A2F3035D}.Release|ARM.Build.0 = Release|Any CPU
		{5C3A274F-57E0-4EE3-BE11-B670A2F3035D}.Release|iPhone.ActiveCfg = Release|Any CPU
		{5C3A274F-57E0-4EE3-BE11-B670A2F3035D}.Release|iPhone.Build.0 = Release|Any CPU
		{5C3A274F-57E0-4EE3-BE11-B670A2F3035D}.Release|iPhoneSimulator.ActiveCfg = Release|Any CPU
		{5C3A274F-57E0-4EE3-BE11-B670A2F3035D}.Release|iPhoneSimulator.Build.0 = Release|Any CPU
		{5C3A274F-57E0-4EE3-BE11-B670A2F3035D}.Release|x64.ActiveCfg = Release|Any CPU
		{5C3A274F-57E0-4EE3-BE11-B670A2F3035D}.Release|x64.Build.0 = Release|Any CPU
		{5C3A274F-57E0-4EE3-BE11-B670A2F3035D}.Release|x86.ActiveCfg = Release|Any CPU
		{5C3A274F-57E0-4EE3-BE11-B670A2F3035D}.Release|x86.Build.0 = Release|Any CPU
		{3D8F9878-CD8F-40FA-A117-BFCC20432402}.Ad-Hoc|Any CPU.ActiveCfg = Debug|Any CPU
		{3D8F9878-CD8F-40FA-A117-BFCC20432402}.Ad-Hoc|Any CPU.Build.0 = Debug|Any CPU
		{3D8F9878-CD8F-40FA-A117-BFCC20432402}.Ad-Hoc|ARM.ActiveCfg = Debug|Any CPU
		{3D8F9878-CD8F-40FA-A117-BFCC20432402}.Ad-Hoc|ARM.Build.0 = Debug|Any CPU
		{3D8F9878-CD8F-40FA-A117-BFCC20432402}.Ad-Hoc|iPhone.ActiveCfg = Debug|Any CPU
		{3D8F9878-CD8F-40FA-A117-BFCC20432402}.Ad-Hoc|iPhone.Build.0 = Debug|Any CPU
		{3D8F9878-CD8F-40FA-A117-BFCC20432402}.Ad-Hoc|iPhoneSimulator.ActiveCfg = Debug|Any CPU
		{3D8F9878-CD8F-40FA-A117-BFCC20432402}.Ad-Hoc|iPhoneSimulator.Build.0 = Debug|Any CPU
		{3D8F9878-CD8F-40FA-A117-BFCC20432402}.Ad-Hoc|x64.ActiveCfg = Debug|Any CPU
		{3D8F9878-CD8F-40FA-A117-BFCC20432402}.Ad-Hoc|x64.Build.0 = Debug|Any CPU
		{3D8F9878-CD8F-40FA-A117-BFCC20432402}.Ad-Hoc|x86.ActiveCfg = Debug|Any CPU
		{3D8F9878-CD8F-40FA-A117-BFCC20432402}.Ad-Hoc|x86.Build.0 = Debug|Any CPU
		{3D8F9878-CD8F-40FA-A117-BFCC20432402}.AppStore|Any CPU.ActiveCfg = Debug|Any CPU
		{3D8F9878-CD8F-40FA-A117-BFCC20432402}.AppStore|Any CPU.Build.0 = Debug|Any CPU
		{3D8F9878-CD8F-40FA-A117-BFCC20432402}.AppStore|ARM.ActiveCfg = Debug|Any CPU
		{3D8F9878-CD8F-40FA-A117-BFCC20432402}.AppStore|ARM.Build.0 = Debug|Any CPU
		{3D8F9878-CD8F-40FA-A117-BFCC20432402}.AppStore|iPhone.ActiveCfg = Debug|Any CPU
		{3D8F9878-CD8F-40FA-A117-BFCC20432402}.AppStore|iPhone.Build.0 = Debug|Any CPU
		{3D8F9878-CD8F-40FA-A117-BFCC20432402}.AppStore|iPhoneSimulator.ActiveCfg = Debug|Any CPU
		{3D8F9878-CD8F-40FA-A117-BFCC20432402}.AppStore|iPhoneSimulator.Build.0 = Debug|Any CPU
		{3D8F9878-CD8F-40FA-A117-BFCC20432402}.AppStore|x64.ActiveCfg = Debug|Any CPU
		{3D8F9878-CD8F-40FA-A117-BFCC20432402}.AppStore|x64.Build.0 = Debug|Any CPU
		{3D8F9878-CD8F-40FA-A117-BFCC20432402}.AppStore|x86.ActiveCfg = Debug|Any CPU
		{3D8F9878-CD8F-40FA-A117-BFCC20432402}.AppStore|x86.Build.0 = Debug|Any CPU
		{3D8F9878-CD8F-40FA-A117-BFCC20432402}.Debug|Any CPU.ActiveCfg = Debug|Any CPU
		{3D8F9878-CD8F-40FA-A117-BFCC20432402}.Debug|Any CPU.Build.0 = Debug|Any CPU
		{3D8F9878-CD8F-40FA-A117-BFCC20432402}.Debug|ARM.ActiveCfg = Debug|Any CPU
		{3D8F9878-CD8F-40FA-A117-BFCC20432402}.Debug|ARM.Build.0 = Debug|Any CPU
		{3D8F9878-CD8F-40FA-A117-BFCC20432402}.Debug|iPhone.ActiveCfg = Debug|Any CPU
		{3D8F9878-CD8F-40FA-A117-BFCC20432402}.Debug|iPhone.Build.0 = Debug|Any CPU
		{3D8F9878-CD8F-40FA-A117-BFCC20432402}.Debug|iPhoneSimulator.ActiveCfg = Debug|Any CPU
		{3D8F9878-CD8F-40FA-A117-BFCC20432402}.Debug|iPhoneSimulator.Build.0 = Debug|Any CPU
		{3D8F9878-CD8F-40FA-A117-BFCC20432402}.Debug|x64.ActiveCfg = Debug|Any CPU
		{3D8F9878-CD8F-40FA-A117-BFCC20432402}.Debug|x64.Build.0 = Debug|Any CPU
		{3D8F9878-CD8F-40FA-A117-BFCC20432402}.Debug|x86.ActiveCfg = Debug|Any CPU
		{3D8F9878-CD8F-40FA-A117-BFCC20432402}.Debug|x86.Build.0 = Debug|Any CPU
		{3D8F9878-CD8F-40FA-A117-BFCC20432402}.Release|Any CPU.ActiveCfg = Release|Any CPU
		{3D8F9878-CD8F-40FA-A117-BFCC20432402}.Release|Any CPU.Build.0 = Release|Any CPU
		{3D8F9878-CD8F-40FA-A117-BFCC20432402}.Release|ARM.ActiveCfg = Release|Any CPU
		{3D8F9878-CD8F-40FA-A117-BFCC20432402}.Release|ARM.Build.0 = Release|Any CPU
		{3D8F9878-CD8F-40FA-A117-BFCC20432402}.Release|iPhone.ActiveCfg = Release|Any CPU
		{3D8F9878-CD8F-40FA-A117-BFCC20432402}.Release|iPhone.Build.0 = Release|Any CPU
		{3D8F9878-CD8F-40FA-A117-BFCC20432402}.Release|iPhoneSimulator.ActiveCfg = Release|Any CPU
		{3D8F9878-CD8F-40FA-A117-BFCC20432402}.Release|iPhoneSimulator.Build.0 = Release|Any CPU
		{3D8F9878-CD8F-40FA-A117-BFCC20432402}.Release|x64.ActiveCfg = Release|Any CPU
		{3D8F9878-CD8F-40FA-A117-BFCC20432402}.Release|x64.Build.0 = Release|Any CPU
		{3D8F9878-CD8F-40FA-A117-BFCC20432402}.Release|x86.ActiveCfg = Release|Any CPU
		{3D8F9878-CD8F-40FA-A117-BFCC20432402}.Release|x86.Build.0 = Release|Any CPU
		{D5353238-8039-4E41-81B7-3C85BB4CA8C6}.Ad-Hoc|Any CPU.ActiveCfg = Debug|Any CPU
		{D5353238-8039-4E41-81B7-3C85BB4CA8C6}.Ad-Hoc|Any CPU.Build.0 = Debug|Any CPU
		{D5353238-8039-4E41-81B7-3C85BB4CA8C6}.Ad-Hoc|ARM.ActiveCfg = Debug|Any CPU
		{D5353238-8039-4E41-81B7-3C85BB4CA8C6}.Ad-Hoc|ARM.Build.0 = Debug|Any CPU
		{D5353238-8039-4E41-81B7-3C85BB4CA8C6}.Ad-Hoc|iPhone.ActiveCfg = Debug|Any CPU
		{D5353238-8039-4E41-81B7-3C85BB4CA8C6}.Ad-Hoc|iPhone.Build.0 = Debug|Any CPU
		{D5353238-8039-4E41-81B7-3C85BB4CA8C6}.Ad-Hoc|iPhoneSimulator.ActiveCfg = Debug|Any CPU
		{D5353238-8039-4E41-81B7-3C85BB4CA8C6}.Ad-Hoc|iPhoneSimulator.Build.0 = Debug|Any CPU
		{D5353238-8039-4E41-81B7-3C85BB4CA8C6}.Ad-Hoc|x64.ActiveCfg = Debug|Any CPU
		{D5353238-8039-4E41-81B7-3C85BB4CA8C6}.Ad-Hoc|x64.Build.0 = Debug|Any CPU
		{D5353238-8039-4E41-81B7-3C85BB4CA8C6}.Ad-Hoc|x86.ActiveCfg = Debug|Any CPU
		{D5353238-8039-4E41-81B7-3C85BB4CA8C6}.Ad-Hoc|x86.Build.0 = Debug|Any CPU
		{D5353238-8039-4E41-81B7-3C85BB4CA8C6}.AppStore|Any CPU.ActiveCfg = Debug|Any CPU
		{D5353238-8039-4E41-81B7-3C85BB4CA8C6}.AppStore|Any CPU.Build.0 = Debug|Any CPU
		{D5353238-8039-4E41-81B7-3C85BB4CA8C6}.AppStore|ARM.ActiveCfg = Debug|Any CPU
		{D5353238-8039-4E41-81B7-3C85BB4CA8C6}.AppStore|ARM.Build.0 = Debug|Any CPU
		{D5353238-8039-4E41-81B7-3C85BB4CA8C6}.AppStore|iPhone.ActiveCfg = Debug|Any CPU
		{D5353238-8039-4E41-81B7-3C85BB4CA8C6}.AppStore|iPhone.Build.0 = Debug|Any CPU
		{D5353238-8039-4E41-81B7-3C85BB4CA8C6}.AppStore|iPhoneSimulator.ActiveCfg = Debug|Any CPU
		{D5353238-8039-4E41-81B7-3C85BB4CA8C6}.AppStore|iPhoneSimulator.Build.0 = Debug|Any CPU
		{D5353238-8039-4E41-81B7-3C85BB4CA8C6}.AppStore|x64.ActiveCfg = Debug|Any CPU
		{D5353238-8039-4E41-81B7-3C85BB4CA8C6}.AppStore|x64.Build.0 = Debug|Any CPU
		{D5353238-8039-4E41-81B7-3C85BB4CA8C6}.AppStore|x86.ActiveCfg = Debug|Any CPU
		{D5353238-8039-4E41-81B7-3C85BB4CA8C6}.AppStore|x86.Build.0 = Debug|Any CPU
		{D5353238-8039-4E41-81B7-3C85BB4CA8C6}.Debug|Any CPU.ActiveCfg = Debug|Any CPU
		{D5353238-8039-4E41-81B7-3C85BB4CA8C6}.Debug|Any CPU.Build.0 = Debug|Any CPU
		{D5353238-8039-4E41-81B7-3C85BB4CA8C6}.Debug|ARM.ActiveCfg = Debug|Any CPU
		{D5353238-8039-4E41-81B7-3C85BB4CA8C6}.Debug|ARM.Build.0 = Debug|Any CPU
		{D5353238-8039-4E41-81B7-3C85BB4CA8C6}.Debug|iPhone.ActiveCfg = Debug|Any CPU
		{D5353238-8039-4E41-81B7-3C85BB4CA8C6}.Debug|iPhone.Build.0 = Debug|Any CPU
		{D5353238-8039-4E41-81B7-3C85BB4CA8C6}.Debug|iPhoneSimulator.ActiveCfg = Debug|Any CPU
		{D5353238-8039-4E41-81B7-3C85BB4CA8C6}.Debug|iPhoneSimulator.Build.0 = Debug|Any CPU
		{D5353238-8039-4E41-81B7-3C85BB4CA8C6}.Debug|x64.ActiveCfg = Debug|Any CPU
		{D5353238-8039-4E41-81B7-3C85BB4CA8C6}.Debug|x64.Build.0 = Debug|Any CPU
		{D5353238-8039-4E41-81B7-3C85BB4CA8C6}.Debug|x86.ActiveCfg = Debug|Any CPU
		{D5353238-8039-4E41-81B7-3C85BB4CA8C6}.Debug|x86.Build.0 = Debug|Any CPU
		{D5353238-8039-4E41-81B7-3C85BB4CA8C6}.Release|Any CPU.ActiveCfg = Release|Any CPU
		{D5353238-8039-4E41-81B7-3C85BB4CA8C6}.Release|Any CPU.Build.0 = Release|Any CPU
		{D5353238-8039-4E41-81B7-3C85BB4CA8C6}.Release|ARM.ActiveCfg = Release|Any CPU
		{D5353238-8039-4E41-81B7-3C85BB4CA8C6}.Release|ARM.Build.0 = Release|Any CPU
		{D5353238-8039-4E41-81B7-3C85BB4CA8C6}.Release|iPhone.ActiveCfg = Release|Any CPU
		{D5353238-8039-4E41-81B7-3C85BB4CA8C6}.Release|iPhone.Build.0 = Release|Any CPU
		{D5353238-8039-4E41-81B7-3C85BB4CA8C6}.Release|iPhoneSimulator.ActiveCfg = Release|Any CPU
		{D5353238-8039-4E41-81B7-3C85BB4CA8C6}.Release|iPhoneSimulator.Build.0 = Release|Any CPU
		{D5353238-8039-4E41-81B7-3C85BB4CA8C6}.Release|x64.ActiveCfg = Release|Any CPU
		{D5353238-8039-4E41-81B7-3C85BB4CA8C6}.Release|x64.Build.0 = Release|Any CPU
		{D5353238-8039-4E41-81B7-3C85BB4CA8C6}.Release|x86.ActiveCfg = Release|Any CPU
		{D5353238-8039-4E41-81B7-3C85BB4CA8C6}.Release|x86.Build.0 = Release|Any CPU
		{BE046027-E6E0-4C32-BCD5-E2871842C4E6}.Ad-Hoc|Any CPU.ActiveCfg = Debug|Any CPU
		{BE046027-E6E0-4C32-BCD5-E2871842C4E6}.Ad-Hoc|Any CPU.Build.0 = Debug|Any CPU
		{BE046027-E6E0-4C32-BCD5-E2871842C4E6}.Ad-Hoc|ARM.ActiveCfg = Debug|Any CPU
		{BE046027-E6E0-4C32-BCD5-E2871842C4E6}.Ad-Hoc|ARM.Build.0 = Debug|Any CPU
		{BE046027-E6E0-4C32-BCD5-E2871842C4E6}.Ad-Hoc|iPhone.ActiveCfg = Debug|Any CPU
		{BE046027-E6E0-4C32-BCD5-E2871842C4E6}.Ad-Hoc|iPhone.Build.0 = Debug|Any CPU
		{BE046027-E6E0-4C32-BCD5-E2871842C4E6}.Ad-Hoc|iPhoneSimulator.ActiveCfg = Debug|Any CPU
		{BE046027-E6E0-4C32-BCD5-E2871842C4E6}.Ad-Hoc|iPhoneSimulator.Build.0 = Debug|Any CPU
		{BE046027-E6E0-4C32-BCD5-E2871842C4E6}.Ad-Hoc|x64.ActiveCfg = Debug|Any CPU
		{BE046027-E6E0-4C32-BCD5-E2871842C4E6}.Ad-Hoc|x64.Build.0 = Debug|Any CPU
		{BE046027-E6E0-4C32-BCD5-E2871842C4E6}.Ad-Hoc|x86.ActiveCfg = Debug|Any CPU
		{BE046027-E6E0-4C32-BCD5-E2871842C4E6}.Ad-Hoc|x86.Build.0 = Debug|Any CPU
		{BE046027-E6E0-4C32-BCD5-E2871842C4E6}.AppStore|Any CPU.ActiveCfg = Debug|Any CPU
		{BE046027-E6E0-4C32-BCD5-E2871842C4E6}.AppStore|Any CPU.Build.0 = Debug|Any CPU
		{BE046027-E6E0-4C32-BCD5-E2871842C4E6}.AppStore|ARM.ActiveCfg = Debug|Any CPU
		{BE046027-E6E0-4C32-BCD5-E2871842C4E6}.AppStore|ARM.Build.0 = Debug|Any CPU
		{BE046027-E6E0-4C32-BCD5-E2871842C4E6}.AppStore|iPhone.ActiveCfg = Debug|Any CPU
		{BE046027-E6E0-4C32-BCD5-E2871842C4E6}.AppStore|iPhone.Build.0 = Debug|Any CPU
		{BE046027-E6E0-4C32-BCD5-E2871842C4E6}.AppStore|iPhoneSimulator.ActiveCfg = Debug|Any CPU
		{BE046027-E6E0-4C32-BCD5-E2871842C4E6}.AppStore|iPhoneSimulator.Build.0 = Debug|Any CPU
		{BE046027-E6E0-4C32-BCD5-E2871842C4E6}.AppStore|x64.ActiveCfg = Debug|Any CPU
		{BE046027-E6E0-4C32-BCD5-E2871842C4E6}.AppStore|x64.Build.0 = Debug|Any CPU
		{BE046027-E6E0-4C32-BCD5-E2871842C4E6}.AppStore|x86.ActiveCfg = Debug|Any CPU
		{BE046027-E6E0-4C32-BCD5-E2871842C4E6}.AppStore|x86.Build.0 = Debug|Any CPU
		{BE046027-E6E0-4C32-BCD5-E2871842C4E6}.Debug|Any CPU.ActiveCfg = Debug|Any CPU
		{BE046027-E6E0-4C32-BCD5-E2871842C4E6}.Debug|Any CPU.Build.0 = Debug|Any CPU
		{BE046027-E6E0-4C32-BCD5-E2871842C4E6}.Debug|ARM.ActiveCfg = Debug|Any CPU
		{BE046027-E6E0-4C32-BCD5-E2871842C4E6}.Debug|ARM.Build.0 = Debug|Any CPU
		{BE046027-E6E0-4C32-BCD5-E2871842C4E6}.Debug|iPhone.ActiveCfg = Debug|Any CPU
		{BE046027-E6E0-4C32-BCD5-E2871842C4E6}.Debug|iPhone.Build.0 = Debug|Any CPU
		{BE046027-E6E0-4C32-BCD5-E2871842C4E6}.Debug|iPhoneSimulator.ActiveCfg = Debug|Any CPU
		{BE046027-E6E0-4C32-BCD5-E2871842C4E6}.Debug|iPhoneSimulator.Build.0 = Debug|Any CPU
		{BE046027-E6E0-4C32-BCD5-E2871842C4E6}.Debug|x64.ActiveCfg = Debug|Any CPU
		{BE046027-E6E0-4C32-BCD5-E2871842C4E6}.Debug|x64.Build.0 = Debug|Any CPU
		{BE046027-E6E0-4C32-BCD5-E2871842C4E6}.Debug|x86.ActiveCfg = Debug|Any CPU
		{BE046027-E6E0-4C32-BCD5-E2871842C4E6}.Debug|x86.Build.0 = Debug|Any CPU
		{BE046027-E6E0-4C32-BCD5-E2871842C4E6}.Release|Any CPU.ActiveCfg = Release|Any CPU
		{BE046027-E6E0-4C32-BCD5-E2871842C4E6}.Release|Any CPU.Build.0 = Release|Any CPU
		{BE046027-E6E0-4C32-BCD5-E2871842C4E6}.Release|ARM.ActiveCfg = Release|Any CPU
		{BE046027-E6E0-4C32-BCD5-E2871842C4E6}.Release|ARM.Build.0 = Release|Any CPU
		{BE046027-E6E0-4C32-BCD5-E2871842C4E6}.Release|iPhone.ActiveCfg = Release|Any CPU
		{BE046027-E6E0-4C32-BCD5-E2871842C4E6}.Release|iPhone.Build.0 = Release|Any CPU
		{BE046027-E6E0-4C32-BCD5-E2871842C4E6}.Release|iPhoneSimulator.ActiveCfg = Release|Any CPU
		{BE046027-E6E0-4C32-BCD5-E2871842C4E6}.Release|iPhoneSimulator.Build.0 = Release|Any CPU
		{BE046027-E6E0-4C32-BCD5-E2871842C4E6}.Release|x64.ActiveCfg = Release|Any CPU
		{BE046027-E6E0-4C32-BCD5-E2871842C4E6}.Release|x64.Build.0 = Release|Any CPU
		{BE046027-E6E0-4C32-BCD5-E2871842C4E6}.Release|x86.ActiveCfg = Release|Any CPU
		{BE046027-E6E0-4C32-BCD5-E2871842C4E6}.Release|x86.Build.0 = Release|Any CPU
		{A117299D-0C48-448B-A9E0-414F2AADDC75}.Ad-Hoc|Any CPU.ActiveCfg = Release|Any CPU
		{A117299D-0C48-448B-A9E0-414F2AADDC75}.Ad-Hoc|Any CPU.Build.0 = Release|Any CPU
		{A117299D-0C48-448B-A9E0-414F2AADDC75}.Ad-Hoc|ARM.ActiveCfg = Release|Any CPU
		{A117299D-0C48-448B-A9E0-414F2AADDC75}.Ad-Hoc|ARM.Build.0 = Release|Any CPU
		{A117299D-0C48-448B-A9E0-414F2AADDC75}.Ad-Hoc|iPhone.ActiveCfg = Release|Any CPU
		{A117299D-0C48-448B-A9E0-414F2AADDC75}.Ad-Hoc|iPhone.Build.0 = Release|Any CPU
		{A117299D-0C48-448B-A9E0-414F2AADDC75}.Ad-Hoc|iPhoneSimulator.ActiveCfg = Release|Any CPU
		{A117299D-0C48-448B-A9E0-414F2AADDC75}.Ad-Hoc|iPhoneSimulator.Build.0 = Release|Any CPU
		{A117299D-0C48-448B-A9E0-414F2AADDC75}.Ad-Hoc|x64.ActiveCfg = Release|Any CPU
		{A117299D-0C48-448B-A9E0-414F2AADDC75}.Ad-Hoc|x64.Build.0 = Release|Any CPU
		{A117299D-0C48-448B-A9E0-414F2AADDC75}.Ad-Hoc|x86.ActiveCfg = Release|Any CPU
		{A117299D-0C48-448B-A9E0-414F2AADDC75}.Ad-Hoc|x86.Build.0 = Release|Any CPU
		{A117299D-0C48-448B-A9E0-414F2AADDC75}.AppStore|Any CPU.ActiveCfg = Release|Any CPU
		{A117299D-0C48-448B-A9E0-414F2AADDC75}.AppStore|Any CPU.Build.0 = Release|Any CPU
		{A117299D-0C48-448B-A9E0-414F2AADDC75}.AppStore|ARM.ActiveCfg = Release|Any CPU
		{A117299D-0C48-448B-A9E0-414F2AADDC75}.AppStore|ARM.Build.0 = Release|Any CPU
		{A117299D-0C48-448B-A9E0-414F2AADDC75}.AppStore|iPhone.ActiveCfg = Release|Any CPU
		{A117299D-0C48-448B-A9E0-414F2AADDC75}.AppStore|iPhone.Build.0 = Release|Any CPU
		{A117299D-0C48-448B-A9E0-414F2AADDC75}.AppStore|iPhoneSimulator.ActiveCfg = Release|Any CPU
		{A117299D-0C48-448B-A9E0-414F2AADDC75}.AppStore|iPhoneSimulator.Build.0 = Release|Any CPU
		{A117299D-0C48-448B-A9E0-414F2AADDC75}.AppStore|x64.ActiveCfg = Release|Any CPU
		{A117299D-0C48-448B-A9E0-414F2AADDC75}.AppStore|x64.Build.0 = Release|Any CPU
		{A117299D-0C48-448B-A9E0-414F2AADDC75}.AppStore|x86.ActiveCfg = Release|Any CPU
		{A117299D-0C48-448B-A9E0-414F2AADDC75}.AppStore|x86.Build.0 = Release|Any CPU
		{A117299D-0C48-448B-A9E0-414F2AADDC75}.Debug|Any CPU.ActiveCfg = Debug|Any CPU
		{A117299D-0C48-448B-A9E0-414F2AADDC75}.Debug|Any CPU.Build.0 = Debug|Any CPU
		{A117299D-0C48-448B-A9E0-414F2AADDC75}.Debug|ARM.ActiveCfg = Debug|Any CPU
		{A117299D-0C48-448B-A9E0-414F2AADDC75}.Debug|ARM.Build.0 = Debug|Any CPU
		{A117299D-0C48-448B-A9E0-414F2AADDC75}.Debug|iPhone.ActiveCfg = Debug|Any CPU
		{A117299D-0C48-448B-A9E0-414F2AADDC75}.Debug|iPhone.Build.0 = Debug|Any CPU
		{A117299D-0C48-448B-A9E0-414F2AADDC75}.Debug|iPhoneSimulator.ActiveCfg = Debug|Any CPU
		{A117299D-0C48-448B-A9E0-414F2AADDC75}.Debug|iPhoneSimulator.Build.0 = Debug|Any CPU
		{A117299D-0C48-448B-A9E0-414F2AADDC75}.Debug|x64.ActiveCfg = Debug|Any CPU
		{A117299D-0C48-448B-A9E0-414F2AADDC75}.Debug|x64.Build.0 = Debug|Any CPU
		{A117299D-0C48-448B-A9E0-414F2AADDC75}.Debug|x86.ActiveCfg = Debug|Any CPU
		{A117299D-0C48-448B-A9E0-414F2AADDC75}.Debug|x86.Build.0 = Debug|Any CPU
		{A117299D-0C48-448B-A9E0-414F2AADDC75}.Release|Any CPU.ActiveCfg = Release|Any CPU
		{A117299D-0C48-448B-A9E0-414F2AADDC75}.Release|Any CPU.Build.0 = Release|Any CPU
		{A117299D-0C48-448B-A9E0-414F2AADDC75}.Release|ARM.ActiveCfg = Release|Any CPU
		{A117299D-0C48-448B-A9E0-414F2AADDC75}.Release|ARM.Build.0 = Release|Any CPU
		{A117299D-0C48-448B-A9E0-414F2AADDC75}.Release|iPhone.ActiveCfg = Release|Any CPU
		{A117299D-0C48-448B-A9E0-414F2AADDC75}.Release|iPhone.Build.0 = Release|Any CPU
		{A117299D-0C48-448B-A9E0-414F2AADDC75}.Release|iPhoneSimulator.ActiveCfg = Release|Any CPU
		{A117299D-0C48-448B-A9E0-414F2AADDC75}.Release|iPhoneSimulator.Build.0 = Release|Any CPU
		{A117299D-0C48-448B-A9E0-414F2AADDC75}.Release|x64.ActiveCfg = Release|Any CPU
		{A117299D-0C48-448B-A9E0-414F2AADDC75}.Release|x64.Build.0 = Release|Any CPU
		{A117299D-0C48-448B-A9E0-414F2AADDC75}.Release|x86.ActiveCfg = Release|Any CPU
		{A117299D-0C48-448B-A9E0-414F2AADDC75}.Release|x86.Build.0 = Release|Any CPU
	EndGlobalSection
	GlobalSection(SolutionProperties) = preSolution
		HideSolutionNode = FALSE
	EndGlobalSection
	GlobalSection(NestedProjects) = preSolution
		{4F48705D-380D-47DB-AD70-86D10B2AD55D} = {9B6F3F6D-007D-401C-A459-72023200205D}
		{2D9283FB-C452-4C80-84AF-23864E065F95} = {9B6F3F6D-007D-401C-A459-72023200205D}
		{08A4A9AE-1FFD-41CC-8796-FEB8C4B63A9B} = {9B6F3F6D-007D-401C-A459-72023200205D}
	EndGlobalSection
	GlobalSection(ExtensibilityGlobals) = postSolution
		SolutionGuid = {78BFC07A-2509-48B9-8A72-245C63EAF69A}
	EndGlobalSection
EndGlobal
